
Microsoft Visual Studio Solution File, Format Version 12.00
# Visual Studio Version 16
VisualStudioVersion = 16.0.30804.86
MinimumVisualStudioVersion = 10.0.40219.1
Project("{FAE04EC0-301F-11D3-BF4B-00C04F79EFBC}") = "CalculatoredAPI", "CalculatoredAPI\CalculatoredAPI.csproj", "{3227B257-780D-4421-9A87-8326FBD6CE40}"
EndProject
Global
	GlobalSection(SolutionConfigurationPlatforms) = preSolution
		Debug|Any CPU = Debug|Any CPU
		Release|Any CPU = Release|Any CPU
	EndGlobalSection
	GlobalSection(ProjectConfigurationPlatforms) = postSolution
		{3227B257-780D-4421-9A87-8326FBD6CE40}.Debug|Any CPU.ActiveCfg = Debug|Any CPU
		{3227B257-780D-4421-9A87-8326FBD6CE40}.Debug|Any CPU.Build.0 = Debug|Any CPU
		{3227B257-780D-4421-9A87-8326FBD6CE40}.Release|Any CPU.ActiveCfg = Release|Any CPU
		{3227B257-780D-4421-9A87-8326FBD6CE40}.Release|Any CPU.Build.0 = Release|Any CPU
	EndGlobalSection
	GlobalSection(SolutionProperties) = preSolution
		HideSolutionNode = FALSE
	EndGlobalSection
	GlobalSection(ExtensibilityGlobals) = postSolution
		SolutionGuid = {CC1B96C7-FBBC-4E43-9373-1D0A55D051E3}
	EndGlobalSection
EndGlobal
